// !$*UTF8*$!
{
	archiveVersion = 1;
	classes = {
	};
	objectVersion = 46;
	objects = {

/* Begin PBXBuildFile section */
		91E55C0E1B27E580001868A9 /* AppDelegate.swift in Sources */ = {isa = PBXBuildFile; fileRef = 91E55C0D1B27E580001868A9 /* AppDelegate.swift */; };
		91E55C101B27E580001868A9 /* ViewController.swift in Sources */ = {isa = PBXBuildFile; fileRef = 91E55C0F1B27E580001868A9 /* ViewController.swift */; };
		91E55C131B27E580001868A9 /* Main.storyboard in Resources */ = {isa = PBXBuildFile; fileRef = 91E55C111B27E580001868A9 /* Main.storyboard */; };
		91E55C151B27E580001868A9 /* Images.xcassets in Resources */ = {isa = PBXBuildFile; fileRef = 91E55C141B27E580001868A9 /* Images.xcassets */; };
		91E55C181B27E580001868A9 /* LaunchScreen.xib in Resources */ = {isa = PBXBuildFile; fileRef = 91E55C161B27E580001868A9 /* LaunchScreen.xib */; };
		91E55C241B27E580001868A9 /* PostCard4Tests.swift in Sources */ = {isa = PBXBuildFile; fileRef = 91E55C231B27E580001868A9 /* PostCard4Tests.swift */; };
		91E55C2E1B27E6D5001868A9 /* emeraldbay.png in Resources */ = {isa = PBXBuildFile; fileRef = 91E55C2D1B27E6D5001868A9 /* emeraldbay.png */; };
		91E55C301B27E821001868A9 /* IMG_8091.JPG in Resources */ = {isa = PBXBuildFile; fileRef = 91E55C2F1B27E821001868A9 /* IMG_8091.JPG */; };
/* End PBXBuildFile section */

/* Begin PBXContainerItemProxy section */
		91E55C1E1B27E580001868A9 /* PBXContainerItemProxy */ = {
			isa = PBXContainerItemProxy;
			containerPortal = 91E55C001B27E580001868A9 /* Project object */;
			proxyType = 1;
			remoteGlobalIDString = 91E55C071B27E580001868A9;
			remoteInfo = PostCard4;
		};
/* End PBXContainerItemProxy section */

/* Begin PBXFileReference section */
		91E55C081B27E580001868A9 /* PostCard4.app */ = {isa = PBXFileReference; explicitFileType = wrapper.application; includeInIndex = 0; path = PostCard4.app; sourceTree = BUILT_PRODUCTS_DIR; };
		91E55C0C1B27E580001868A9 /* Info.plist */ = {isa = PBXFileReference; lastKnownFileType = text.plist.xml; path = Info.plist; sourceTree = "<group>"; };
		91E55C0D1B27E580001868A9 /* AppDelegate.swift */ = {isa = PBXFileReference; lastKnownFileType = sourcecode.swift; path = AppDelegate.swift; sourceTree = "<group>"; };
		91E55C0F1B27E580001868A9 /* ViewController.swift */ = {isa = PBXFileReference; lastKnownFileType = sourcecode.swift; path = ViewController.swift; sourceTree = "<group>"; };
		91E55C121B27E580001868A9 /* Base */ = {isa = PBXFileReference; lastKnownFileType = file.storyboard; name = Base; path = Base.lproj/Main.storyboard; sourceTree = "<group>"; };
		91E55C141B27E580001868A9 /* Images.xcassets */ = {isa = PBXFileReference; lastKnownFileType = folder.assetcatalog; path = Images.xcassets; sourceTree = "<group>"; };
		91E55C171B27E580001868A9 /* Base */ = {isa = PBXFileReference; lastKnownFileType = file.xib; name = Base; path = Base.lproj/LaunchScreen.xib; sourceTree = "<group>"; };
		91E55C1D1B27E580001868A9 /* PostCard4Tests.xctest */ = {isa = PBXFileReference; explicitFileType = wrapper.cfbundle; includeInIndex = 0; path = PostCard4Tests.xctest; sourceTree = BUILT_PRODUCTS_DIR; };
		91E55C221B27E580001868A9 /* Info.plist */ = {isa = PBXFileReference; lastKnownFileType = text.plist.xml; path = Info.plist; sourceTree = "<group>"; };
		91E55C231B27E580001868A9 /* PostCard4Tests.swift */ = {isa = PBXFileReference; lastKnownFileType = sourcecode.swift; path = PostCard4Tests.swift; sourceTree = "<group>"; };
		91E55C2D1B27E6D5001868A9 /* emeraldbay.png */ = {isa = PBXFileReference; lastKnownFileType = image.png; path = emeraldbay.png; sourceTree = "<group>"; };
		91E55C2F1B27E821001868A9 /* IMG_8091.JPG */ = {isa = PBXFileReference; lastKnownFileType = image.jpeg; path = IMG_8091.JPG; sourceTree = "<group>"; };
/* End PBXFileReference section */

/* Begin PBXFrameworksBuildPhase section */
		91E55C051B27E580001868A9 /* Frameworks */ = {
			isa = PBXFrameworksBuildPhase;
			buildActionMask = 2147483647;
			files = (
			);
			runOnlyForDeploymentPostprocessing = 0;
		};
		91E55C1A1B27E580001868A9 /* Frameworks */ = {
			isa = PBXFrameworksBuildPhase;
			buildActionMask = 2147483647;
			files = (
			);
			runOnlyForDeploymentPostprocessing = 0;
		};
/* End PBXFrameworksBuildPhase section */

/* Begin PBXGroup section */
		91E55BFF1B27E580001868A9 = {
			isa = PBXGroup;
			children = (
				91E55C0A1B27E580001868A9 /* PostCard4 */,
				91E55C201B27E580001868A9 /* PostCard4Tests */,
				91E55C091B27E580001868A9 /* Products */,
			);
			sourceTree = "<group>";
		};
		91E55C091B27E580001868A9 /* Products */ = {
			isa = PBXGroup;
			children = (
				91E55C081B27E580001868A9 /* PostCard4.app */,
				91E55C1D1B27E580001868A9 /* PostCard4Tests.xctest */,
			);
			name = Products;
			sourceTree = "<group>";
		};
		91E55C0A1B27E580001868A9 /* PostCard4 */ = {
			isa = PBXGroup;
			children = (
				91E55C0D1B27E580001868A9 /* AppDelegate.swift */,
				91E55C0F1B27E580001868A9 /* ViewController.swift */,
				91E55C111B27E580001868A9 /* Main.storyboard */,
				91E55C141B27E580001868A9 /* Images.xcassets */,
				91E55C2F1B27E821001868A9 /* IMG_8091.JPG */,
				91E55C2D1B27E6D5001868A9 /* emeraldbay.png */,
				91E55C161B27E580001868A9 /* LaunchScreen.xib */,
				91E55C0B1B27E580001868A9 /* Supporting Files */,
			);
			path = PostCard4;
			sourceTree = "<group>";
		};
		91E55C0B1B27E580001868A9 /* Supporting Files */ = {
			isa = PBXGroup;
			children = (
				91E55C0C1B27E580001868A9 /* Info.plist */,
			);
			name = "Supporting Files";
			sourceTree = "<group>";
		};
		91E55C201B27E580001868A9 /* PostCard4Tests */ = {
			isa = PBXGroup;
			children = (
				91E55C231B27E580001868A9 /* PostCard4Tests.swift */,
				91E55C211B27E580001868A9 /* Supporting Files */,
			);
			path = PostCard4Tests;
			sourceTree = "<group>";
		};
		91E55C211B27E580001868A9 /* Supporting Files */ = {
			isa = PBXGroup;
			children = (
				91E55C221B27E580001868A9 /* Info.plist */,
			);
			name = "Supporting Files";
			sourceTree = "<group>";
		};
/* End PBXGroup section */

/* Begin PBXNativeTarget section */
		91E55C071B27E580001868A9 /* PostCard4 */ = {
			isa = PBXNativeTarget;
			buildConfigurationList = 91E55C271B27E580001868A9 /* Build configuration list for PBXNativeTarget "PostCard4" */;
			buildPhases = (
				91E55C041B27E580001868A9 /* Sources */,
				91E55C051B27E580001868A9 /* Frameworks */,
				91E55C061B27E580001868A9 /* Resources */,
			);
			buildRules = (
			);
			dependencies = (
			);
			name = PostCard4;
			productName = PostCard4;
			productReference = 91E55C081B27E580001868A9 /* PostCard4.app */;
			productType = "com.apple.product-type.application";
		};
		91E55C1C1B27E580001868A9 /* PostCard4Tests */ = {
			isa = PBXNativeTarget;
			buildConfigurationList = 91E55C2A1B27E580001868A9 /* Build configuration list for PBXNativeTarget "PostCard4Tests" */;
			buildPhases = (
				91E55C191B27E580001868A9 /* Sources */,
				91E55C1A1B27E580001868A9 /* Frameworks */,
				91E55C1B1B27E580001868A9 /* Resources */,
			);
			buildRules = (
			);
			dependencies = (
				91E55C1F1B27E580001868A9 /* PBXTargetDependency */,
			);
			name = PostCard4Tests;
			productName = PostCard4Tests;
			productReference = 91E55C1D1B27E580001868A9 /* PostCard4Tests.xctest */;
			productType = "com.apple.product-type.bundle.unit-test";
		};
/* End PBXNativeTarget section */

/* Begin PBXProject section */
		91E55C001B27E580001868A9 /* Project object */ = {
			isa = PBXProject;
			attributes = {
				LastUpgradeCheck = 0620;
				ORGANIZATIONNAME = RadiantApps;
				TargetAttributes = {
					91E55C071B27E580001868A9 = {
						CreatedOnToolsVersion = 6.2;
						DevelopmentTeam = C383436ARC;
					};
					91E55C1C1B27E580001868A9 = {
						CreatedOnToolsVersion = 6.2;
						TestTargetID = 91E55C071B27E580001868A9;
					};
				};
			};
			buildConfigurationList = 91E55C031B27E580001868A9 /* Build configuration list for PBXProject "PostCard4" */;
			compatibilityVersion = "Xcode 3.2";
			developmentRegion = English;
			hasScannedForEncodings = 0;
			knownRegions = (
				en,
				Base,
			);
			mainGroup = 91E55BFF1B27E580001868A9;
			productRefGroup = 91E55C091B27E580001868A9 /* Products */;
			projectDirPath = "";
			projectRoot = "";
			targets = (
				91E55C071B27E580001868A9 /* PostCard4 */,
				91E55C1C1B27E580001868A9 /* PostCard4Tests */,
			);
		};
/* End PBXProject section */

/* Begin PBXResourcesBuildPhase section */
		91E55C061B27E580001868A9 /* Resources */ = {
			isa = PBXResourcesBuildPhase;
			buildActionMask = 2147483647;
			files = (
				91E55C131B27E580001868A9 /* Main.storyboard in Resources */,
				91E55C301B27E821001868A9 /* IMG_8091.JPG in Resources */,
				91E55C181B27E580001868A9 /* LaunchScreen.xib in Resources */,
				91E55C151B27E580001868A9 /* Images.xcassets in Resources */,
				91E55C2E1B27E6D5001868A9 /* emeraldbay.png in Resources */,
			);
			runOnlyForDeploymentPostprocessing = 0;
		};
		91E55C1B1B27E580001868A9 /* Resources */ = {
			isa = PBXResourcesBuildPhase;
			buildActionMask = 2147483647;
			files = (
			);
			runOnlyForDeploymentPostprocessing = 0;
		};
/* End PBXResourcesBuildPhase section */

/* Begin PBXSourcesBuildPhase section */
		91E55C041B27E580001868A9 /* Sources */ = {
			isa = PBXSourcesBuildPhase;
			buildActionMask = 2147483647;
			files = (
				91E55C101B27E580001868A9 /* ViewController.swift in Sources */,
				91E55C0E1B27E580001868A9 /* AppDelegate.swift in Sources */,
			);
			runOnlyForDeploymentPostprocessing = 0;
		};
		91E55C191B27E580001868A9 /* Sources */ = {
			isa = PBXSourcesBuildPhase;
			buildActionMask = 2147483647;
			files = (
				91E55C241B27E580001868A9 /* PostCard4Tests.swift in Sources */,
			);
			runOnlyForDeploymentPostprocessing = 0;
		};
/* End PBXSourcesBuildPhase section */

/* Begin PBXTargetDependency section */
		91E55C1F1B27E580001868A9 /* PBXTargetDependency */ = {
			isa = PBXTargetDependency;
			target = 91E55C071B27E580001868A9 /* PostCard4 */;
			targetProxy = 91E55C1E1B27E580001868A9 /* PBXContainerItemProxy */;
		};
/* End PBXTargetDependency section */

/* Begin PBXVariantGroup section */
		91E55C111B27E580001868A9 /* Main.storyboard */ = {
			isa = PBXVariantGroup;
			children = (
				91E55C121B27E580001868A9 /* Base */,
			);
			name = Main.storyboard;
			sourceTree = "<group>";
		};
		91E55C161B27E580001868A9 /* LaunchScreen.xib */ = {
			isa = PBXVariantGroup;
			children = (
				91E55C171B27E580001868A9 /* Base */,
			);
			name = LaunchScreen.xib;
			sourceTree = "<group>";
		};
/* End PBXVariantGroup section */

/* Begin XCBuildConfiguration section */
		91E55C251B27E580001868A9 /* Debug */ = {
			isa = XCBuildConfiguration;
			buildSettings = {
				ALWAYS_SEARCH_USER_PATHS = NO;
				CLANG_CXX_LANGUAGE_STANDARD = "gnu++0x";
				CLANG_CXX_LIBRARY = "libc++";
				CLANG_ENABLE_MODULES = YES;
				CLANG_ENABLE_OBJC_ARC = YES;
				CLANG_WARN_BOOL_CONVERSION = YES;
				CLANG_WARN_CONSTANT_CONVERSION = YES;
				CLANG_WARN_DIRECT_OBJC_ISA_USAGE = YES_ERROR;
				CLANG_WARN_EMPTY_BODY = YES;
				CLANG_WARN_ENUM_CONVERSION = YES;
				CLANG_WARN_INT_CONVERSION = YES;
				CLANG_WARN_OBJC_ROOT_CLASS = YES_ERROR;
				CLANG_WARN_UNREACHABLE_CODE = YES;
				CLANG_WARN__DUPLICATE_METHOD_MATCH = YES;
				"CODE_SIGN_IDENTITY[sdk=iphoneos*]" = "iPhone Developer";
				COPY_PHASE_STRIP = NO;
				ENABLE_STRICT_OBJC_MSGSEND = YES;
				GCC_C_LANGUAGE_STANDARD = gnu99;
				GCC_DYNAMIC_NO_PIC = NO;
				GCC_OPTIMIZATION_LEVEL = 0;
				GCC_PREPROCESSOR_DEFINITIONS = (
					"DEBUG=1",
					"$(inherited)",
				);
				GCC_SYMBOLS_PRIVATE_EXTERN = NO;
				GCC_WARN_64_TO_32_BIT_CONVERSION = YES;
				GCC_WARN_ABOUT_RETURN_TYPE = YES_ERROR;
				GCC_WARN_UNDECLARED_SELECTOR = YES;
				GCC_WARN_UNINITIALIZED_AUTOS = YES_AGGRESSIVE;
				GCC_WARN_UNUSED_FUNCTION = YES;
				GCC_WARN_UNUSED_VARIABLE = YES;
				IPHONEOS_DEPLOYMENT_TARGET = 8.2;
				MTL_ENABLE_DEBUG_INFO = YES;
				ONLY_ACTIVE_ARCH = YES;
				SDKROOT = iphoneos;
				SWIFT_OPTIMIZATION_LEVEL = "-Onone";
				TARGETED_DEVICE_FAMILY = "1,2";
			};
			name = Debug;
		};
		91E55C261B27E580001868A9 /* Release */ = {
			isa = XCBuildConfiguration;
			buildSettings = {
				ALWAYS_SEARCH_USER_PATHS = NO;
				CLANG_CXX_LANGUAGE_STANDARD = "gnu++0x";
				CLANG_CXX_LIBRARY = "libc++";
				CLANG_ENABLE_MODULES = YES;
				CLANG_ENABLE_OBJC_ARC = YES;
				CLANG_WARN_BOOL_CONVERSION = YES;
				CLANG_WARN_CONSTANT_CONVERSION = YES;
				CLANG_WARN_DIRECT_OBJC_ISA_USAGE = YES_ERROR;
				CLANG_WARN_EMPTY_BODY = YES;
				CLANG_WARN_ENUM_CONVERSION = YES;
				CLANG_WARN_INT_CONVERSION = YES;
				CLANG_WARN_OBJC_ROOT_CLASS = YES_ERROR;
				CLANG_WARN_UNREACHABLE_CODE = YES;
				CLANG_WARN__DUPLICATE_METHOD_MATCH = YES;
				"CODE_SIGN_IDENTITY[sdk=iphoneos*]" = "iPhone Developer";
				COPY_PHASE_STRIP = NO;
				ENABLE_NS_ASSERTIONS = NO;
				ENABLE_STRICT_OBJC_MSGSEND = YES;
				GCC_C_LANGUAGE_STANDARD = gnu99;
				GCC_WARN_64_TO_32_BIT_CONVERSION = YES;
				GCC_WARN_ABOUT_RETURN_TYPE = YES_ERROR;
				GCC_WARN_UNDECLARED_SELECTOR = YES;
				GCC_WARN_UNINITIALIZED_AUTOS = YES_AGGRESSIVE;
				GCC_WARN_UNUSED_FUNCTION = YES;
				GCC_WARN_UNUSED_VARIABLE = YES;
				IPHONEOS_DEPLOYMENT_TARGET = 8.2;
				MTL_ENABLE_DEBUG_INFO = NO;
				SDKROOT = iphoneos;
				TARGETED_DEVICE_FAMILY = "1,2";
				VALIDATE_PRODUCT = YES;
			};
			name = Release;
		};
		91E55C281B27E580001868A9 /* Debug */ = {
			isa = XCBuildConfiguration;
			buildSettings = {
				ASSETCATALOG_COMPILER_APPICON_NAME = AppIcon;
				CODE_SIGN_IDENTITY = "iPhone Developer";
				INFOPLIST_FILE = PostCard4/Info.plist;
				LD_RUNPATH_SEARCH_PATHS = "$(inherited) @executable_path/Frameworks";
				PRODUCT_NAME = "$(TARGET_NAME)";
			};
			name = Debug;
		};
		91E55C291B27E580001868A9 /* Release */ = {
			isa = XCBuildConfiguration;
			buildSettings = {
				ASSETCATALOG_COMPILER_APPICON_NAME = AppIcon;
				CODE_SIGN_IDENTITY = "iPhone Developer";
				INFOPLIST_FILE = PostCard4/Info.plist;
				LD_RUNPATH_SEARCH_PATHS = "$(inherited) @executable_path/Frameworks";
				PRODUCT_NAME = "$(TARGET_NAME)";
			};
			name = Release;
		};
		91E55C2B1B27E580001868A9 /* Debug */ = {
			isa = XCBuildConfiguration;
			buildSettings = {
				BUNDLE_LOADER = "$(TEST_HOST)";
				FRAMEWORK_SEARCH_PATHS = (
					"$(SDKROOT)/Developer/Library/Frameworks",
					"$(inherited)",
				);
				GCC_PREPROCESSOR_DEFINITIONS = (
					"DEBUG=1",
					"$(inherited)",
				);
				INFOPLIST_FILE = PostCard4Tests/Info.plist;
				LD_RUNPATH_SEARCH_PATHS = "$(inherited) @executable_path/Frameworks @loader_path/Frameworks";
				PRODUCT_NAME = "$(TARGET_NAME)";
				TEST_HOST = "$(BUILT_PRODUCTS_DIR)/PostCard4.app/PostCard4";
			};
			name = Debug;
		};
		91E55C2C1B27E580001868A9 /* Release */ = {
			isa = XCBuildConfiguration;
			buildSettings = {
				BUNDLE_LOADER = "$(TEST_HOST)";
				FRAMEWORK_SEARCH_PATHS = (
					"$(SDKROOT)/Developer/Library/Frameworks",
					"$(inherited)",
				);
				INFOPLIST_FILE = PostCard4Tests/Info.plist;
				LD_RUNPATH_SEARCH_PATHS = "$(inherited) @executable_path/Frameworks @loader_path/Frameworks";
				PRODUCT_NAME = "$(TARGET_NAME)";
				TEST_HOST = "$(BUILT_PRODUCTS_DIR)/PostCard4.app/PostCard4";
			};
			name = Release;
		};
/* End XCBuildConfiguration section */

/* Begin XCConfigurationList section */
		91E55C031B27E580001868A9 /* Build configuration list for PBXProject "PostCard4" */ = {
			isa = XCConfigurationList;
			buildConfigurations = (
				91E55C251B27E580001868A9 /* Debug */,
				91E55C261B27E580001868A9 /* Release */,
			);
			defaultConfigurationIsVisible = 0;
			defaultConfigurationName = Release;
		};
		91E55C271B27E580001868A9 /* Build configuration list for PBXNativeTarget "PostCard4" */ = {
			isa = XCConfigurationList;
			buildConfigurations = (
				91E55C281B27E580001868A9 /* Debug */,
				91E55C291B27E580001868A9 /* Release */,
			);
			defaultConfigurationIsVisible = 0;
		};
		91E55C2A1B27E580001868A9 /* Build configuration list for PBXNativeTarget "PostCard4Tests" */ = {
			isa = XCConfigurationList;
			buildConfigurations = (
				91E55C2B1B27E580001868A9 /* Debug */,
				91E55C2C1B27E580001868A9 /* Release */,
			);
			defaultConfigurationIsVisible = 0;
		};
/* End XCConfigurationList section */
	};
	rootObject = 91E55C001B27E580001868A9 /* Project object */;
}
